
Microsoft Visual Studio Solution File, Format Version 12.00
# 
Project("{2150E333-8FDC-42A3-9474-1A3956D46DE8}") = "src", "src", "{BA0FF9C1-BF46-43EB-B6A2-22132A87C88E}"
EndProject
Project("{FAE04EC0-301F-11D3-BF4B-00C04F79EFBC}") = "SoilReportApp.Web", "src\SoilReportApp.Web\SoilReportApp.Web.csproj", "{A2E1C966-2613-45E0-872A-B85655084694}"
EndProject
Project("{FAE04EC0-301F-11D3-BF4B-00C04F79EFBC}") = "SoilReportApp.Domain", "src\SoilReportApp.Domain\SoilReportApp.Domain.csproj", "{53962B5F-5C38-4E77-B524-1672C58EBC32}"
EndProject
Project("{FAE04EC0-301F-11D3-BF4B-00C04F79EFBC}") = "SoilReportApp.Application", "src\SoilReportApp.Application\SoilReportApp.Application.csproj", "{0F827FFA-50E3-45D2-8AAE-3BCA2DFDAFC1}"
EndProject
Project("{FAE04EC0-301F-11D3-BF4B-00C04F79EFBC}") = "SoilReportApp.Infrastructure", "src\SoilReportApp.Infrastructure\SoilReportApp.Infrastructure.csproj", "{03E41AA4-34CC-4C62-B3F2-A1D867D018A2}"
EndProject
Project("{2150E333-8FDC-42A3-9474-1A3956D46DE8}") = "tests", "tests", "{3064DC1B-7684-4592-BAB7-5D4EE18BC321}"
EndProject
Project("{FAE04EC0-301F-11D3-BF4B-00C04F79EFBC}") = "SoilReportApp.Domain.Tests", "tests\SoilReportApp.Domain.Tests\SoilReportApp.Domain.Tests.csproj", "{94287AAF-D0A2-40C9-9683-8D83041F33DB}"
EndProject
Project("{FAE04EC0-301F-11D3-BF4B-00C04F79EFBC}") = "SoilReportApp.Application.Tests", "tests\SoilReportApp.Application.Tests\SoilReportApp.Application.Tests.csproj", "{944230E2-3185-4D44-8128-43A1D8CD81D8}"
EndProject
Global
	GlobalSection(SolutionConfigurationPlatforms) = preSolution
		Debug|Any CPU = Debug|Any CPU
		Debug|x64 = Debug|x64
		Debug|x86 = Debug|x86
		Release|Any CPU = Release|Any CPU
		Release|x64 = Release|x64
		Release|x86 = Release|x86
	EndGlobalSection
	GlobalSection(ProjectConfigurationPlatforms) = postSolution
		{A2E1C966-2613-45E0-872A-B85655084694}.Debug|Any CPU.ActiveCfg = Debug|Any CPU
		{A2E1C966-2613-45E0-872A-B85655084694}.Debug|Any CPU.Build.0 = Debug|Any CPU
		{A2E1C966-2613-45E0-872A-B85655084694}.Debug|x64.ActiveCfg = Debug|Any CPU
		{A2E1C966-2613-45E0-872A-B85655084694}.Debug|x64.Build.0 = Debug|Any CPU
		{A2E1C966-2613-45E0-872A-B85655084694}.Debug|x86.ActiveCfg = Debug|Any CPU
		{A2E1C966-2613-45E0-872A-B85655084694}.Debug|x86.Build.0 = Debug|Any CPU
		{A2E1C966-2613-45E0-872A-B85655084694}.Release|Any CPU.ActiveCfg = Release|Any CPU
		{A2E1C966-2613-45E0-872A-B85655084694}.Release|Any CPU.Build.0 = Release|Any CPU
		{A2E1C966-2613-45E0-872A-B85655084694}.Release|x64.ActiveCfg = Release|Any CPU
		{A2E1C966-2613-45E0-872A-B85655084694}.Release|x64.Build.0 = Release|Any CPU
		{A2E1C966-2613-45E0-872A-B85655084694}.Release|x86.ActiveCfg = Release|Any CPU
		{A2E1C966-2613-45E0-872A-B85655084694}.Release|x86.Build.0 = Release|Any CPU
		{53962B5F-5C38-4E77-B524-1672C58EBC32}.Debug|Any CPU.ActiveCfg = Debug|Any CPU
		{53962B5F-5C38-4E77-B524-1672C58EBC32}.Debug|Any CPU.Build.0 = Debug|Any CPU
		{53962B5F-5C38-4E77-B524-1672C58EBC32}.Debug|x64.ActiveCfg = Debug|Any CPU
		{53962B5F-5C38-4E77-B524-1672C58EBC32}.Debug|x64.Build.0 = Debug|Any CPU
		{53962B5F-5C38-4E77-B524-1672C58EBC32}.Debug|x86.ActiveCfg = Debug|Any CPU
		{53962B5F-5C38-4E77-B524-1672C58EBC32}.Debug|x86.Build.0 = Debug|Any CPU
		{53962B5F-5C38-4E77-B524-1672C58EBC32}.Release|Any CPU.ActiveCfg = Release|Any CPU
		{53962B5F-5C38-4E77-B524-1672C58EBC32}.Release|Any CPU.Build.0 = Release|Any CPU
		{53962B5F-5C38-4E77-B524-1672C58EBC32}.Release|x64.ActiveCfg = Release|Any CPU
		{53962B5F-5C38-4E77-B524-1672C58EBC32}.Release|x64.Build.0 = Release|Any CPU
		{53962B5F-5C38-4E77-B524-1672C58EBC32}.Release|x86.ActiveCfg = Release|Any CPU
		{53962B5F-5C38-4E77-B524-1672C58EBC32}.Release|x86.Build.0 = Release|Any CPU
		{0F827FFA-50E3-45D2-8AAE-3BCA2DFDAFC1}.Debug|Any CPU.ActiveCfg = Debug|Any CPU
		{0F827FFA-50E3-45D2-8AAE-3BCA2DFDAFC1}.Debug|Any CPU.Build.0 = Debug|Any CPU
		{0F827FFA-50E3-45D2-8AAE-3BCA2DFDAFC1}.Debug|x64.ActiveCfg = Debug|Any CPU
		{0F827FFA-50E3-45D2-8AAE-3BCA2DFDAFC1}.Debug|x64.Build.0 = Debug|Any CPU
		{0F827FFA-50E3-45D2-8AAE-3BCA2DFDAFC1}.Debug|x86.ActiveCfg = Debug|Any CPU
		{0F827FFA-50E3-45D2-8AAE-3BCA2DFDAFC1}.Debug|x86.Build.0 = Debug|Any CPU
		{0F827FFA-50E3-45D2-8AAE-3BCA2DFDAFC1}.Release|Any CPU.ActiveCfg = Release|Any CPU
		{0F827FFA-50E3-45D2-8AAE-3BCA2DFDAFC1}.Release|Any CPU.Build.0 = Release|Any CPU
		{0F827FFA-50E3-45D2-8AAE-3BCA2DFDAFC1}.Release|x64.ActiveCfg = Release|Any CPU
		{0F827FFA-50E3-45D2-8AAE-3BCA2DFDAFC1}.Release|x64.Build.0 = Release|Any CPU
		{0F827FFA-50E3-45D2-8AAE-3BCA2DFDAFC1}.Release|x86.ActiveCfg = Release|Any CPU
		{0F827FFA-50E3-45D2-8AAE-3BCA2DFDAFC1}.Release|x86.Build.0 = Release|Any CPU
		{03E41AA4-34CC-4C62-B3F2-A1D867D018A2}.Debug|Any CPU.ActiveCfg = Debug|Any CPU
		{03E41AA4-34CC-4C62-B3F2-A1D867D018A2}.Debug|Any CPU.Build.0 = Debug|Any CPU
		{03E41AA4-34CC-4C62-B3F2-A1D867D018A2}.Debug|x64.ActiveCfg = Debug|Any CPU
		{03E41AA4-34CC-4C62-B3F2-A1D867D018A2}.Debug|x64.Build.0 = Debug|Any CPU
		{03E41AA4-34CC-4C62-B3F2-A1D867D018A2}.Debug|x86.ActiveCfg = Debug|Any CPU
		{03E41AA4-34CC-4C62-B3F2-A1D867D018A2}.Debug|x86.Build.0 = Debug|Any CPU
		{03E41AA4-34CC-4C62-B3F2-A1D867D018A2}.Release|Any CPU.ActiveCfg = Release|Any CPU
		{03E41AA4-34CC-4C62-B3F2-A1D867D018A2}.Release|Any CPU.Build.0 = Release|Any CPU
		{03E41AA4-34CC-4C62-B3F2-A1D867D018A2}.Release|x64.ActiveCfg = Release|Any CPU
		{03E41AA4-34CC-4C62-B3F2-A1D867D018A2}.Release|x64.Build.0 = Release|Any CPU
		{03E41AA4-34CC-4C62-B3F2-A1D867D018A2}.Release|x86.ActiveCfg = Release|Any CPU
		{03E41AA4-34CC-4C62-B3F2-A1D867D018A2}.Release|x86.Build.0 = Release|Any CPU
		{94287AAF-D0A2-40C9-9683-8D83041F33DB}.Debug|Any CPU.ActiveCfg = Debug|Any CPU
		{94287AAF-D0A2-40C9-9683-8D83041F33DB}.Debug|Any CPU.Build.0 = Debug|Any CPU
		{94287AAF-D0A2-40C9-9683-8D83041F33DB}.Debug|x64.ActiveCfg = Debug|Any CPU
		{94287AAF-D0A2-40C9-9683-8D83041F33DB}.Debug|x64.Build.0 = Debug|Any CPU
		{94287AAF-D0A2-40C9-9683-8D83041F33DB}.Debug|x86.ActiveCfg = Debug|Any CPU
		{94287AAF-D0A2-40C9-9683-8D83041F33DB}.Debug|x86.Build.0 = Debug|Any CPU
		{94287AAF-D0A2-40C9-9683-8D83041F33DB}.Release|Any CPU.ActiveCfg = Release|Any CPU
		{94287AAF-D0A2-40C9-9683-8D83041F33DB}.Release|Any CPU.Build.0 = Release|Any CPU
		{94287AAF-D0A2-40C9-9683-8D83041F33DB}.Release|x64.ActiveCfg = Release|Any CPU
		{94287AAF-D0A2-40C9-9683-8D83041F33DB}.Release|x64.Build.0 = Release|Any CPU
		{94287AAF-D0A2-40C9-9683-8D83041F33DB}.Release|x86.ActiveCfg = Release|Any CPU
		{94287AAF-D0A2-40C9-9683-8D83041F33DB}.Release|x86.Build.0 = Release|Any CPU
		{944230E2-3185-4D44-8128-43A1D8CD81D8}.Debug|Any CPU.ActiveCfg = Debug|Any CPU
		{944230E2-3185-4D44-8128-43A1D8CD81D8}.Debug|Any CPU.Build.0 = Debug|Any CPU
		{944230E2-3185-4D44-8128-43A1D8CD81D8}.Debug|x64.ActiveCfg = Debug|Any CPU
		{944230E2-3185-4D44-8128-43A1D8CD81D8}.Debug|x64.Build.0 = Debug|Any CPU
		{944230E2-3185-4D44-8128-43A1D8CD81D8}.Debug|x86.ActiveCfg = Debug|Any CPU
		{944230E2-3185-4D44-8128-43A1D8CD81D8}.Debug|x86.Build.0 = Debug|Any CPU
		{944230E2-3185-4D44-8128-43A1D8CD81D8}.Release|Any CPU.ActiveCfg = Release|Any CPU
		{944230E2-3185-4D44-8128-43A1D8CD81D8}.Release|Any CPU.Build.0 = Release|Any CPU
		{944230E2-3185-4D44-8128-43A1D8CD81D8}.Release|x64.ActiveCfg = Release|Any CPU
		{944230E2-3185-4D44-8128-43A1D8CD81D8}.Release|x64.Build.0 = Release|Any CPU
		{944230E2-3185-4D44-8128-43A1D8CD81D8}.Release|x86.ActiveCfg = Release|Any CPU
		{944230E2-3185-4D44-8128-43A1D8CD81D8}.Release|x86.Build.0 = Release|Any CPU
	EndGlobalSection
	GlobalSection(NestedProjects) = preSolution
		{A2E1C966-2613-45E0-872A-B85655084694} = {BA0FF9C1-BF46-43EB-B6A2-22132A87C88E}
		{53962B5F-5C38-4E77-B524-1672C58EBC32} = {BA0FF9C1-BF46-43EB-B6A2-22132A87C88E}
		{0F827FFA-50E3-45D2-8AAE-3BCA2DFDAFC1} = {BA0FF9C1-BF46-43EB-B6A2-22132A87C88E}
		{03E41AA4-34CC-4C62-B3F2-A1D867D018A2} = {BA0FF9C1-BF46-43EB-B6A2-22132A87C88E}
		{94287AAF-D0A2-40C9-9683-8D83041F33DB} = {3064DC1B-7684-4592-BAB7-5D4EE18BC321}
		{944230E2-3185-4D44-8128-43A1D8CD81D8} = {3064DC1B-7684-4592-BAB7-5D4EE18BC321}
	EndGlobalSection
EndGlobal
